// !$*UTF8*$!
{
	archiveVersion = 1;
	classes = {
	};
	objectVersion = 77;
	objects = {

/* Begin PBXBuildFile section */
		EC802EFA2FBBA2DA00CE71EE /* ControlCenterAppIcon.icon in Resources */ = {isa = PBXBuildFile; fileRef = EC802EF92FBBA2DA00CE71EE /* ControlCenterAppIcon.icon */; };
		1C2E6821982D4A0E9C45AFFA /* ScreenLayout.swift in Sources */ = {isa = PBXBuildFile; fileRef = 64AD9625224A4ED3BA707C42 /* ScreenLayout.swift */; };
		177B3BC6F78E4E46A4F32037 /* KeyCombo.swift in Sources */ = {isa = PBXBuildFile; fileRef = C95F15600EFE42D7A0E74836 /* KeyCombo.swift */; };
		A16A848749CE4747BCDC2AC2 /* WindowAction.swift in Sources */ = {isa = PBXBuildFile; fileRef = AE041B4BC25D47C0ACABB349 /* WindowAction.swift */; };
		F6DCF237C2704DF5A2991D63 /* ScreenLayoutTests.swift in Sources */ = {isa = PBXBuildFile; fileRef = EC74FD2971C041848858A9B9 /* ScreenLayoutTests.swift */; };
		8C5408C9D5FF48AD97284509 /* KeyComboTests.swift in Sources */ = {isa = PBXBuildFile; fileRef = D2B1F301E58C4AB192C3EC8A /* KeyComboTests.swift */; };
		5B02E20E4CB34A52B967852F /* WindowActionTests.swift in Sources */ = {isa = PBXBuildFile; fileRef = 4779D067F7EC453DA31638E5 /* WindowActionTests.swift */; };
/* End PBXBuildFile section */

/* Begin PBXFileReference section */
		EC802EE92FBBA27400CE71EE /* Control Center (beta).app */ = {isa = PBXFileReference; explicitFileType = wrapper.application; includeInIndex = 0; path = "Control Center (beta).app"; sourceTree = BUILT_PRODUCTS_DIR; };
		EC802EF92FBBA2DA00CE71EE /* ControlCenterAppIcon.icon */ = {isa = PBXFileReference; lastKnownFileType = folder.iconcomposer.icon; path = ControlCenterAppIcon.icon; sourceTree = "<group>"; };
		84B389CD301C4806813204C4 /* control-center-appTests.xctest */ = {isa = PBXFileReference; explicitFileType = wrapper.cfbundle; includeInIndex = 0; path = "control-center-appTests.xctest"; sourceTree = BUILT_PRODUCTS_DIR; };
		64AD9625224A4ED3BA707C42 /* ScreenLayout.swift */ = {isa = PBXFileReference; lastKnownFileType = sourcecode.swift; name = ScreenLayout.swift; path = "control-center-app/ScreenLayout.swift"; sourceTree = SOURCE_ROOT; };
		C95F15600EFE42D7A0E74836 /* KeyCombo.swift */ = {isa = PBXFileReference; lastKnownFileType = sourcecode.swift; name = KeyCombo.swift; path = "control-center-app/KeyCombo.swift"; sourceTree = SOURCE_ROOT; };
		AE041B4BC25D47C0ACABB349 /* WindowAction.swift */ = {isa = PBXFileReference; lastKnownFileType = sourcecode.swift; name = WindowAction.swift; path = "control-center-app/WindowAction.swift"; sourceTree = SOURCE_ROOT; };
		EC74FD2971C041848858A9B9 /* ScreenLayoutTests.swift */ = {isa = PBXFileReference; lastKnownFileType = sourcecode.swift; path = ScreenLayoutTests.swift; sourceTree = "<group>"; };
		D2B1F301E58C4AB192C3EC8A /* KeyComboTests.swift */ = {isa = PBXFileReference; lastKnownFileType = sourcecode.swift; path = KeyComboTests.swift; sourceTree = "<group>"; };
		4779D067F7EC453DA31638E5 /* WindowActionTests.swift */ = {isa = PBXFileReference; lastKnownFileType = sourcecode.swift; path = WindowActionTests.swift; sourceTree = "<group>"; };
/* End PBXFileReference section */

/* Begin PBXFileSystemSynchronizedBuildFileExceptionSet section */
		EC802F352FBBA7AB00CE71EE /* Exceptions for "control-center-app" folder in "control-center-app" target */ = {
			isa = PBXFileSystemSynchronizedBuildFileExceptionSet;
			membershipExceptions = (
				Info.plist,
			);
			target = EC802EE82FBBA27400CE71EE /* control-center-app */;
		};
/* End PBXFileSystemSynchronizedBuildFileExceptionSet section */

/* Begin PBXFileSystemSynchronizedRootGroup section */
		EC802EEB2FBBA27400CE71EE /* control-center-app */ = {
			isa = PBXFileSystemSynchronizedRootGroup;
			exceptions = (
				EC802F352FBBA7AB00CE71EE /* Exceptions for "control-center-app" folder in "control-center-app" target */,
			);
			path = "control-center-app";
			sourceTree = "<group>";
		};
/* End PBXFileSystemSynchronizedRootGroup section */

/* Begin PBXFrameworksBuildPhase section */
		EC802EE62FBBA27400CE71EE /* Frameworks */ = {
			isa = PBXFrameworksBuildPhase;
			buildActionMask = 2147483647;
			files = (
			);
			runOnlyForDeploymentPostprocessing = 0;
		};
		683AA2C1D1D3467189101769 /* Frameworks */ = {
			isa = PBXFrameworksBuildPhase;
			buildActionMask = 2147483647;
			files = (
			);
			runOnlyForDeploymentPostprocessing = 0;
		};
/* End PBXFrameworksBuildPhase section */

/* Begin PBXGroup section */
		EC802EE02FBBA27400CE71EE = {
			isa = PBXGroup;
			children = (
				EC802EEB2FBBA27400CE71EE /* control-center-app */,
				C5B1E30F77E044FCBE89C8FF /* control-center-appTests */,
				EC802EEA2FBBA27400CE71EE /* Products */,
				EC802EF92FBBA2DA00CE71EE /* ControlCenterAppIcon.icon */,
			);
			sourceTree = "<group>";
		};
		C5B1E30F77E044FCBE89C8FF /* control-center-appTests */ = {
			isa = PBXGroup;
			children = (
				EC74FD2971C041848858A9B9 /* ScreenLayoutTests.swift */,
				D2B1F301E58C4AB192C3EC8A /* KeyComboTests.swift */,
				4779D067F7EC453DA31638E5 /* WindowActionTests.swift */,
			);
			path = "control-center-appTests";
			sourceTree = "<group>";
		};
		EC802EEA2FBBA27400CE71EE /* Products */ = {
			isa = PBXGroup;
			children = (
				EC802EE92FBBA27400CE71EE /* Control Center (beta).app */,
				84B389CD301C4806813204C4 /* control-center-appTests.xctest */,
			);
			name = Products;
			sourceTree = "<group>";
		};
/* End PBXGroup section */

/* Begin PBXNativeTarget section */
		EC802EE82FBBA27400CE71EE /* control-center-app */ = {
			isa = PBXNativeTarget;
			buildConfigurationList = EC802EF62FBBA27500CE71EE /* Build configuration list for PBXNativeTarget "control-center-app" */;
			buildPhases = (
				EC802EE52FBBA27400CE71EE /* Sources */,
				EC802EE62FBBA27400CE71EE /* Frameworks */,
				EC802EE72FBBA27400CE71EE /* Resources */,
				EC6D20762FE92FAC00C91A11 /* Bump version */,
			);
			buildRules = (
			);
			dependencies = (
			);
			fileSystemSynchronizedGroups = (
				EC802EEB2FBBA27400CE71EE /* control-center-app */,
			);
			name = "control-center-app";
			packageProductDependencies = (
			);
			productName = "control-center-app";
			productReference = EC802EE92FBBA27400CE71EE /* Control Center (beta).app */;
			productType = "com.apple.product-type.application";
		};
		996F2E71AF2E4F1F8D1476DC /* control-center-appTests */ = {
			isa = PBXNativeTarget;
			buildConfigurationList = 8F57BE23350A4F1DB95F0D74 /* Build configuration list for PBXNativeTarget "control-center-appTests" */;
			buildPhases = (
				5A1F2A2E728D4F52867F302C /* Sources */,
				683AA2C1D1D3467189101769 /* Frameworks */,
			);
			buildRules = (
			);
			dependencies = (
			);
			name = "control-center-appTests";
			packageProductDependencies = (
			);
			productName = "control-center-appTests";
			productReference = 84B389CD301C4806813204C4 /* control-center-appTests.xctest */;
			productType = "com.apple.product-type.bundle.unit-test";
		};
/* End PBXNativeTarget section */

/* Begin PBXProject section */
		EC802EE12FBBA27400CE71EE /* Project object */ = {
			isa = PBXProject;
			attributes = {
				BuildIndependentTargetsInParallel = 1;
				LastSwiftUpdateCheck = 2650;
				LastUpgradeCheck = 2650;
				TargetAttributes = {
					EC802EE82FBBA27400CE71EE = {
						CreatedOnToolsVersion = 26.5;
					};
					996F2E71AF2E4F1F8D1476DC = {
						CreatedOnToolsVersion = 26.5;
					};
				};
			};
			buildConfigurationList = EC802EE42FBBA27400CE71EE /* Build configuration list for PBXProject "control-center-app" */;
			developmentRegion = en;
			hasScannedForEncodings = 0;
			knownRegions = (
				en,
				Base,
			);
			mainGroup = EC802EE02FBBA27400CE71EE;
			minimizedProjectReferenceProxies = 1;
			preferredProjectObjectVersion = 77;
			productRefGroup = EC802EEA2FBBA27400CE71EE /* Products */;
			projectDirPath = "";
			projectRoot = "";
			targets = (
				EC802EE82FBBA27400CE71EE /* control-center-app */,
				996F2E71AF2E4F1F8D1476DC /* control-center-appTests */,
			);
		};
/* End PBXProject section */

/* Begin PBXResourcesBuildPhase section */
		EC802EE72FBBA27400CE71EE /* Resources */ = {
			isa = PBXResourcesBuildPhase;
			buildActionMask = 2147483647;
			files = (
				EC802EFA2FBBA2DA00CE71EE /* ControlCenterAppIcon.icon in Resources */,
			);
			runOnlyForDeploymentPostprocessing = 0;
		};
/* End PBXResourcesBuildPhase section */

/* Begin PBXShellScriptBuildPhase section */
		EC6D20762FE92FAC00C91A11 /* Bump version */ = {
			isa = PBXShellScriptBuildPhase;
			alwaysOutOfDate = 1;
			buildActionMask = 2147483647;
			files = (
			);
			inputFileListPaths = (
			);
			inputPaths = (
			);
			name = "Bump version";
			outputFileListPaths = (
			);
			outputPaths = (
			);
			runOnlyForDeploymentPostprocessing = 0;
			shellPath = /bin/sh;
			shellScript = "\"${SRCROOT}/Scripts/bump-version.sh\"\n";
		};
/* End PBXShellScriptBuildPhase section */

/* Begin PBXSourcesBuildPhase section */
		EC802EE52FBBA27400CE71EE /* Sources */ = {
			isa = PBXSourcesBuildPhase;
			buildActionMask = 2147483647;
			files = (
			);
			runOnlyForDeploymentPostprocessing = 0;
		};
		5A1F2A2E728D4F52867F302C /* Sources */ = {
			isa = PBXSourcesBuildPhase;
			buildActionMask = 2147483647;
			files = (
				1C2E6821982D4A0E9C45AFFA /* ScreenLayout.swift in Sources */,
				177B3BC6F78E4E46A4F32037 /* KeyCombo.swift in Sources */,
				A16A848749CE4747BCDC2AC2 /* WindowAction.swift in Sources */,
				F6DCF237C2704DF5A2991D63 /* ScreenLayoutTests.swift in Sources */,
				8C5408C9D5FF48AD97284509 /* KeyComboTests.swift in Sources */,
				5B02E20E4CB34A52B967852F /* WindowActionTests.swift in Sources */,
			);
			runOnlyForDeploymentPostprocessing = 0;
		};
/* End PBXSourcesBuildPhase section */

/* Begin XCBuildConfiguration section */
		EC802EF42FBBA27500CE71EE /* Debug */ = {
			isa = XCBuildConfiguration;
			buildSettings = {
				ALWAYS_SEARCH_USER_PATHS = NO;
				ASSETCATALOG_COMPILER_GENERATE_SWIFT_ASSET_SYMBOL_EXTENSIONS = YES;
				CLANG_ANALYZER_NONNULL = YES;
				CLANG_ANALYZER_NUMBER_OBJECT_CONVERSION = YES_AGGRESSIVE;
				CLANG_CXX_LANGUAGE_STANDARD = "gnu++20";
				CLANG_ENABLE_MODULES = YES;
				CLANG_ENABLE_OBJC_ARC = YES;
				CLANG_ENABLE_OBJC_WEAK = YES;
				CLANG_WARN_BLOCK_CAPTURE_AUTORELEASING = YES;
				CLANG_WARN_BOOL_CONVERSION = YES;
				CLANG_WARN_COMMA = YES;
				CLANG_WARN_CONSTANT_CONVERSION = YES;
				CLANG_WARN_DEPRECATED_OBJC_IMPLEMENTATIONS = YES;
				CLANG_WARN_DIRECT_OBJC_ISA_USAGE = YES_ERROR;
				CLANG_WARN_DOCUMENTATION_COMMENTS = YES;
				CLANG_WARN_EMPTY_BODY = YES;
				CLANG_WARN_ENUM_CONVERSION = YES;
				CLANG_WARN_INFINITE_RECURSION = YES;
				CLANG_WARN_INT_CONVERSION = YES;
				CLANG_WARN_NON_LITERAL_NULL_CONVERSION = YES;
				CLANG_WARN_OBJC_IMPLICIT_RETAIN_SELF = YES;
				CLANG_WARN_OBJC_LITERAL_CONVERSION = YES;
				CLANG_WARN_OBJC_ROOT_CLASS = YES_ERROR;
				CLANG_WARN_QUOTED_INCLUDE_IN_FRAMEWORK_HEADER = YES;
				CLANG_WARN_RANGE_LOOP_ANALYSIS = YES;
				CLANG_WARN_STRICT_PROTOTYPES = YES;
				CLANG_WARN_SUSPICIOUS_MOVE = YES;
				CLANG_WARN_UNGUARDED_AVAILABILITY = YES_AGGRESSIVE;
				CLANG_WARN_UNREACHABLE_CODE = YES;
				CLANG_WARN__DUPLICATE_METHOD_MATCH = YES;
				COPY_PHASE_STRIP = NO;
				DEBUG_INFORMATION_FORMAT = dwarf;
				DEVELOPMENT_TEAM = 2F76JSDJY9;
				ENABLE_STRICT_OBJC_MSGSEND = YES;
				ENABLE_TESTABILITY = YES;
				ENABLE_USER_SCRIPT_SANDBOXING = YES;
				GCC_C_LANGUAGE_STANDARD = gnu17;
				GCC_DYNAMIC_NO_PIC = NO;
				GCC_NO_COMMON_BLOCKS = YES;
				GCC_OPTIMIZATION_LEVEL = 0;
				GCC_PREPROCESSOR_DEFINITIONS = (
					"DEBUG=1",
					"$(inherited)",
				);
				GCC_WARN_64_TO_32_BIT_CONVERSION = YES;
				GCC_WARN_ABOUT_RETURN_TYPE = YES_ERROR;
				GCC_WARN_UNDECLARED_SELECTOR = YES;
				GCC_WARN_UNINITIALIZED_AUTOS = YES_AGGRESSIVE;
				GCC_WARN_UNUSED_FUNCTION = YES;
				GCC_WARN_UNUSED_VARIABLE = YES;
				LOCALIZATION_PREFERS_STRING_CATALOGS = YES;
				MACOSX_DEPLOYMENT_TARGET = 26.5;
				MTL_ENABLE_DEBUG_INFO = INCLUDE_SOURCE;
				MTL_FAST_MATH = YES;
				ONLY_ACTIVE_ARCH = YES;
				SDKROOT = macosx;
				SWIFT_ACTIVE_COMPILATION_CONDITIONS = "DEBUG $(inherited)";
				SWIFT_OPTIMIZATION_LEVEL = "-Onone";
			};
			name = Debug;
		};
		EC802EF52FBBA27500CE71EE /* Release */ = {
			isa = XCBuildConfiguration;
			buildSettings = {
				ALWAYS_SEARCH_USER_PATHS = NO;
				ASSETCATALOG_COMPILER_GENERATE_SWIFT_ASSET_SYMBOL_EXTENSIONS = YES;
				CLANG_ANALYZER_NONNULL = YES;
				CLANG_ANALYZER_NUMBER_OBJECT_CONVERSION = YES_AGGRESSIVE;
				CLANG_CXX_LANGUAGE_STANDARD = "gnu++20";
				CLANG_ENABLE_MODULES = YES;
				CLANG_ENABLE_OBJC_ARC = YES;
				CLANG_ENABLE_OBJC_WEAK = YES;
				CLANG_WARN_BLOCK_CAPTURE_AUTORELEASING = YES;
				CLANG_WARN_BOOL_CONVERSION = YES;
				CLANG_WARN_COMMA = YES;
				CLANG_WARN_CONSTANT_CONVERSION = YES;
				CLANG_WARN_DEPRECATED_OBJC_IMPLEMENTATIONS = YES;
				CLANG_WARN_DIRECT_OBJC_ISA_USAGE = YES_ERROR;
				CLANG_WARN_DOCUMENTATION_COMMENTS = YES;
				CLANG_WARN_EMPTY_BODY = YES;
				CLANG_WARN_ENUM_CONVERSION = YES;
				CLANG_WARN_INFINITE_RECURSION = YES;
				CLANG_WARN_INT_CONVERSION = YES;
				CLANG_WARN_NON_LITERAL_NULL_CONVERSION = YES;
				CLANG_WARN_OBJC_IMPLICIT_RETAIN_SELF = YES;
				CLANG_WARN_OBJC_LITERAL_CONVERSION = YES;
				CLANG_WARN_OBJC_ROOT_CLASS = YES_ERROR;
				CLANG_WARN_QUOTED_INCLUDE_IN_FRAMEWORK_HEADER = YES;
				CLANG_WARN_RANGE_LOOP_ANALYSIS = YES;
				CLANG_WARN_STRICT_PROTOTYPES = YES;
				CLANG_WARN_SUSPICIOUS_MOVE = YES;
				CLANG_WARN_UNGUARDED_AVAILABILITY = YES_AGGRESSIVE;
				CLANG_WARN_UNREACHABLE_CODE = YES;
				CLANG_WARN__DUPLICATE_METHOD_MATCH = YES;
				COPY_PHASE_STRIP = NO;
				DEBUG_INFORMATION_FORMAT = "dwarf-with-dsym";
				DEVELOPMENT_TEAM = 2F76JSDJY9;
				ENABLE_NS_ASSERTIONS = NO;
				ENABLE_STRICT_OBJC_MSGSEND = YES;
				ENABLE_USER_SCRIPT_SANDBOXING = YES;
				GCC_C_LANGUAGE_STANDARD = gnu17;
				GCC_NO_COMMON_BLOCKS = YES;
				GCC_WARN_64_TO_32_BIT_CONVERSION = YES;
				GCC_WARN_ABOUT_RETURN_TYPE = YES_ERROR;
				GCC_WARN_UNDECLARED_SELECTOR = YES;
				GCC_WARN_UNINITIALIZED_AUTOS = YES_AGGRESSIVE;
				GCC_WARN_UNUSED_FUNCTION = YES;
				GCC_WARN_UNUSED_VARIABLE = YES;
				LOCALIZATION_PREFERS_STRING_CATALOGS = YES;
				MACOSX_DEPLOYMENT_TARGET = 26.5;
				MTL_ENABLE_DEBUG_INFO = NO;
				MTL_FAST_MATH = YES;
				SDKROOT = macosx;
				SWIFT_COMPILATION_MODE = wholemodule;
			};
			name = Release;
		};
		EC802EF72FBBA27500CE71EE /* Debug */ = {
			isa = XCBuildConfiguration;
			buildSettings = {
				ASSETCATALOG_COMPILER_APPICON_NAME = ControlCenterAppIcon;
				ASSETCATALOG_COMPILER_GLOBAL_ACCENT_COLOR_NAME = AccentColor;
				CODE_SIGN_STYLE = Automatic;
				COMBINE_HIDPI_IMAGES = YES;
				CURRENT_PROJECT_VERSION = 28;
				DEVELOPMENT_TEAM = 2F76JSDJY9;
				ENABLE_APP_SANDBOX = NO;
				ENABLE_HARDENED_RUNTIME = YES;
				ENABLE_PREVIEWS = YES;
				ENABLE_USER_SCRIPT_SANDBOXING = NO;
				GENERATE_INFOPLIST_FILE = YES;
				INFOPLIST_FILE = "control-center-app/Info.plist";
				INFOPLIST_KEY_CFBundleDisplayName = "Control Center (beta)";
				INFOPLIST_KEY_LSApplicationCategoryType = "public.app-category.utilities";
				INFOPLIST_KEY_LSUIElement = YES;
				INFOPLIST_KEY_NSHumanReadableCopyright = "";
				LD_RUNPATH_SEARCH_PATHS = (
					"$(inherited)",
					"@executable_path/../Frameworks",
				);
				MARKETING_VERSION = 1.5;
				PRODUCT_BUNDLE_IDENTIFIER = "com.jeremychauvet.control-center-app.beta";
				PRODUCT_NAME = "Control Center (beta)";
				REGISTER_APP_GROUPS = YES;
				STRING_CATALOG_GENERATE_SYMBOLS = YES;
				SWIFT_APPROACHABLE_CONCURRENCY = YES;
				SWIFT_DEFAULT_ACTOR_ISOLATION = MainActor;
				SWIFT_EMIT_LOC_STRINGS = YES;
				SWIFT_UPCOMING_FEATURE_MEMBER_IMPORT_VISIBILITY = YES;
				SWIFT_VERSION = 5.0;
			};
			name = Debug;
		};
		EC802EF82FBBA27500CE71EE /* Release */ = {
			isa = XCBuildConfiguration;
			buildSettings = {
				ASSETCATALOG_COMPILER_APPICON_NAME = ControlCenterAppIcon;
				ASSETCATALOG_COMPILER_GLOBAL_ACCENT_COLOR_NAME = AccentColor;
				CODE_SIGN_STYLE = Automatic;
				COMBINE_HIDPI_IMAGES = YES;
				CURRENT_PROJECT_VERSION = 28;
				DEVELOPMENT_TEAM = 2F76JSDJY9;
				ENABLE_APP_SANDBOX = NO;
				ENABLE_HARDENED_RUNTIME = YES;
				ENABLE_PREVIEWS = YES;
				ENABLE_USER_SCRIPT_SANDBOXING = NO;
				GENERATE_INFOPLIST_FILE = YES;
				INFOPLIST_FILE = "control-center-app/Info.plist";
				INFOPLIST_KEY_CFBundleDisplayName = "Control Center";
				INFOPLIST_KEY_LSApplicationCategoryType = "public.app-category.utilities";
				INFOPLIST_KEY_LSUIElement = YES;
				INFOPLIST_KEY_NSHumanReadableCopyright = "";
				LD_RUNPATH_SEARCH_PATHS = (
					"$(inherited)",
					"@executable_path/../Frameworks",
				);
				MARKETING_VERSION = 1.5;
				PRODUCT_BUNDLE_IDENTIFIER = "com.jeremychauvet.control-center-app";
				PRODUCT_NAME = "Control Center";
				REGISTER_APP_GROUPS = YES;
				STRING_CATALOG_GENERATE_SYMBOLS = YES;
				SWIFT_APPROACHABLE_CONCURRENCY = YES;
				SWIFT_DEFAULT_ACTOR_ISOLATION = MainActor;
				SWIFT_EMIT_LOC_STRINGS = YES;
				SWIFT_UPCOMING_FEATURE_MEMBER_IMPORT_VISIBILITY = YES;
				SWIFT_VERSION = 5.0;
			};
			name = Release;
		};
		CCCDF18DB4E94891B730EC3A /* Debug */ = {
			isa = XCBuildConfiguration;
			buildSettings = {
				CODE_SIGN_STYLE = Automatic;
				CURRENT_PROJECT_VERSION = 24;
				DEVELOPMENT_TEAM = 2F76JSDJY9;
				ENABLE_TESTING_SEARCH_PATHS = YES;
				GENERATE_INFOPLIST_FILE = YES;
				MACOSX_DEPLOYMENT_TARGET = 26.5;
				MARKETING_VERSION = 1.5;
				PRODUCT_BUNDLE_IDENTIFIER = "com.jeremychauvet.control-center-appTests";
				PRODUCT_NAME = "$(TARGET_NAME)";
				SDKROOT = macosx;
				SWIFT_APPROACHABLE_CONCURRENCY = YES;
				SWIFT_DEFAULT_ACTOR_ISOLATION = MainActor;
				SWIFT_EMIT_LOC_STRINGS = NO;
				SWIFT_VERSION = 5.0;
			};
			name = Debug;
		};
		52DD660D640C4A3F9299E1B8 /* Release */ = {
			isa = XCBuildConfiguration;
			buildSettings = {
				CODE_SIGN_STYLE = Automatic;
				CURRENT_PROJECT_VERSION = 24;
				DEVELOPMENT_TEAM = 2F76JSDJY9;
				ENABLE_TESTING_SEARCH_PATHS = YES;
				GENERATE_INFOPLIST_FILE = YES;
				MACOSX_DEPLOYMENT_TARGET = 26.5;
				MARKETING_VERSION = 1.5;
				PRODUCT_BUNDLE_IDENTIFIER = "com.jeremychauvet.control-center-appTests";
				PRODUCT_NAME = "$(TARGET_NAME)";
				SDKROOT = macosx;
				SWIFT_APPROACHABLE_CONCURRENCY = YES;
				SWIFT_DEFAULT_ACTOR_ISOLATION = MainActor;
				SWIFT_EMIT_LOC_STRINGS = NO;
				SWIFT_VERSION = 5.0;
			};
			name = Release;
		};
/* End XCBuildConfiguration section */

/* Begin XCConfigurationList section */
		EC802EE42FBBA27400CE71EE /* Build configuration list for PBXProject "control-center-app" */ = {
			isa = XCConfigurationList;
			buildConfigurations = (
				EC802EF42FBBA27500CE71EE /* Debug */,
				EC802EF52FBBA27500CE71EE /* Release */,
			);
			defaultConfigurationIsVisible = 0;
			defaultConfigurationName = Release;
		};
		EC802EF62FBBA27500CE71EE /* Build configuration list for PBXNativeTarget "control-center-app" */ = {
			isa = XCConfigurationList;
			buildConfigurations = (
				EC802EF72FBBA27500CE71EE /* Debug */,
				EC802EF82FBBA27500CE71EE /* Release */,
			);
			defaultConfigurationIsVisible = 0;
			defaultConfigurationName = Release;
		};
		8F57BE23350A4F1DB95F0D74 /* Build configuration list for PBXNativeTarget "control-center-appTests" */ = {
			isa = XCConfigurationList;
			buildConfigurations = (
				CCCDF18DB4E94891B730EC3A /* Debug */,
				52DD660D640C4A3F9299E1B8 /* Release */,
			);
			defaultConfigurationIsVisible = 0;
			defaultConfigurationName = Release;
		};
/* End XCConfigurationList section */
	};
	rootObject = EC802EE12FBBA27400CE71EE /* Project object */;
}
